// !$*UTF8*$!
{
	archiveVersion = 1;
	classes = {
	};
	objectVersion = 46;
	objects = {

/* Begin PBXBuildFile section */
		966A12342775D0F90005A1EA /* RadixSort.swift in Sources */ = {isa = PBXBuildFile; fileRef = 966A12332775D0F90005A1EA /* RadixSort.swift */; };
		966A12372775D2470005A1EA /* Graph.swift in Sources */ = {isa = PBXBuildFile; fileRef = 966A12362775D2470005A1EA /* Graph.swift */; };
		966A123B2775D2500005A1EA /* NextLexicographicalPermutation.swift in Sources */ = {isa = PBXBuildFile; fileRef = 966A12392775D2500005A1EA /* NextLexicographicalPermutation.swift */; };
		966A123C2775D2500005A1EA /* BinarySearch.swift in Sources */ = {isa = PBXBuildFile; fileRef = 966A123A2775D2500005A1EA /* BinarySearch.swift */; };
		966A124F2775D25B0005A1EA /* GeneralizedSuffixTree.swift in Sources */ = {isa = PBXBuildFile; fileRef = 966A123E2775D25B0005A1EA /* GeneralizedSuffixTree.swift */; };
		966A12502775D25B0005A1EA /* BinarySearchTree.swift in Sources */ = {isa = PBXBuildFile; fileRef = 966A123F2775D25B0005A1EA /* BinarySearchTree.swift */; };
		966A12512775D25B0005A1EA /* SuffixTree.swift in Sources */ = {isa = PBXBuildFile; fileRef = 966A12402775D25B0005A1EA /* SuffixTree.swift */; };
		966A12522775D25B0005A1EA /* CartesianTree.swift in Sources */ = {isa = PBXBuildFile; fileRef = 966A12412775D25B0005A1EA /* CartesianTree.swift */; };
		966A12532775D25B0005A1EA /* FenwickTree.swift in Sources */ = {isa = PBXBuildFile; fileRef = 966A12422775D25B0005A1EA /* FenwickTree.swift */; };
		966A12542775D25B0005A1EA /* RedBlackTree.swift in Sources */ = {isa = PBXBuildFile; fileRef = 966A12432775D25B0005A1EA /* RedBlackTree.swift */; };
		966A12552775D25B0005A1EA /* PRQuadTree.swift in Sources */ = {isa = PBXBuildFile; fileRef = 966A12442775D25B0005A1EA /* PRQuadTree.swift */; };
		966A12562775D25B0005A1EA /* RadixTree.swift in Sources */ = {isa = PBXBuildFile; fileRef = 966A12452775D25B0005A1EA /* RadixTree.swift */; };
		966A12572775D25B0005A1EA /* TernaryTree.swift in Sources */ = {isa = PBXBuildFile; fileRef = 966A12462775D25B0005A1EA /* TernaryTree.swift */; };
		966A12582775D25B0005A1EA /* BTree.swift in Sources */ = {isa = PBXBuildFile; fileRef = 966A12472775D25B0005A1EA /* BTree.swift */; };
		966A12592775D25B0005A1EA /* Trie.swift in Sources */ = {isa = PBXBuildFile; fileRef = 966A12482775D25B0005A1EA /* Trie.swift */; };
		966A125A2775D25B0005A1EA /* SegmentTree.swift in Sources */ = {isa = PBXBuildFile; fileRef = 966A12492775D25B0005A1EA /* SegmentTree.swift */; };
		966A125B2775D25B0005A1EA /* BinarySearchTreeTraversals.swift in Sources */ = {isa = PBXBuildFile; fileRef = 966A124A2775D25B0005A1EA /* BinarySearchTreeTraversals.swift */; };
		966A125C2775D25B0005A1EA /* Treap.swift in Sources */ = {isa = PBXBuildFile; fileRef = 966A124B2775D25B0005A1EA /* Treap.swift */; };
		966A125D2775D25B0005A1EA /* SplayTree.swift in Sources */ = {isa = PBXBuildFile; fileRef = 966A124C2775D25B0005A1EA /* SplayTree.swift */; };
		966A125E2775D25B0005A1EA /* AVLTree.swift in Sources */ = {isa = PBXBuildFile; fileRef = 966A124D2775D25B0005A1EA /* AVLTree.swift */; };
		966A125F2775D25B0005A1EA /* LazySegmentTree.swift in Sources */ = {isa = PBXBuildFile; fileRef = 966A124E2775D25B0005A1EA /* LazySegmentTree.swift */; };
		966A12682775D2650005A1EA /* SplayCache.swift in Sources */ = {isa = PBXBuildFile; fileRef = 966A12612775D2650005A1EA /* SplayCache.swift */; };
		966A12692775D2650005A1EA /* LRUCache.swift in Sources */ = {isa = PBXBuildFile; fileRef = 966A12622775D2650005A1EA /* LRUCache.swift */; };
		966A126A2775D2650005A1EA /* FibonacciHeap.swift in Sources */ = {isa = PBXBuildFile; fileRef = 966A12632775D2650005A1EA /* FibonacciHeap.swift */; };
		966A126B2775D2650005A1EA /* MedianHeap.swift in Sources */ = {isa = PBXBuildFile; fileRef = 966A12642775D2650005A1EA /* MedianHeap.swift */; };
		966A126C2775D2650005A1EA /* LFUCache.swift in Sources */ = {isa = PBXBuildFile; fileRef = 966A12652775D2650005A1EA /* LFUCache.swift */; };
		966A126D2775D2650005A1EA /* HeapWithChangableElements.swift in Sources */ = {isa = PBXBuildFile; fileRef = 966A12662775D2650005A1EA /* HeapWithChangableElements.swift */; };
		966A126E2775D2650005A1EA /* Heap.swift in Sources */ = {isa = PBXBuildFile; fileRef = 966A12672775D2650005A1EA /* Heap.swift */; };
		966A12762775D26E0005A1EA /* Stack.swift in Sources */ = {isa = PBXBuildFile; fileRef = 966A12702775D26E0005A1EA /* Stack.swift */; };
		966A12772775D26E0005A1EA /* Dequeue.swift in Sources */ = {isa = PBXBuildFile; fileRef = 966A12712775D26E0005A1EA /* Dequeue.swift */; };
		966A12782775D26E0005A1EA /* QueueWithMax.swift in Sources */ = {isa = PBXBuildFile; fileRef = 966A12722775D26E0005A1EA /* QueueWithMax.swift */; };
		966A12792775D26E0005A1EA /* PriorityQueue.swift in Sources */ = {isa = PBXBuildFile; fileRef = 966A12732775D26E0005A1EA /* PriorityQueue.swift */; };
		966A127A2775D26E0005A1EA /* Queue.swift in Sources */ = {isa = PBXBuildFile; fileRef = 966A12742775D26E0005A1EA /* Queue.swift */; };
		966A127B2775D26E0005A1EA /* FibonacciPriorityQueue.swift in Sources */ = {isa = PBXBuildFile; fileRef = 966A12752775D26E0005A1EA /* FibonacciPriorityQueue.swift */; };
		966A12822775D2760005A1EA /* DisjoinSets.swift in Sources */ = {isa = PBXBuildFile; fileRef = 966A127D2775D2760005A1EA /* DisjoinSets.swift */; };
		966A12832775D2760005A1EA /* SkipList.swift in Sources */ = {isa = PBXBuildFile; fileRef = 966A127E2775D2760005A1EA /* SkipList.swift */; };
		966A12842775D2760005A1EA /* SuffixArray.swift in Sources */ = {isa = PBXBuildFile; fileRef = 966A127F2775D2760005A1EA /* SuffixArray.swift */; };
		966A12852775D2760005A1EA /* LinkedList.swift in Sources */ = {isa = PBXBuildFile; fileRef = 966A12802775D2760005A1EA /* LinkedList.swift */; };
		966A12862775D2760005A1EA /* SortedArray.swift in Sources */ = {isa = PBXBuildFile; fileRef = 966A12812775D2760005A1EA /* SortedArray.swift */; };
		E94B3C2E1EBB2EED0064E55C /* Iterator.swift in Sources */ = {isa = PBXBuildFile; fileRef = E94B3C2C1EBB2EED0064E55C /* Iterator.swift */; };
		E94B3C2F1EBB2EED0064E55C /* Visitor.swift in Sources */ = {isa = PBXBuildFile; fileRef = E94B3C2D1EBB2EED0064E55C /* Visitor.swift */; };
/* End PBXBuildFile section */

/* Begin PBXCopyFilesBuildPhase section */
		E94B3BD61EBB29D00064E55C /* CopyFiles */ = {
			isa = PBXCopyFilesBuildPhase;
			buildActionMask = 2147483647;
			dstPath = "include/$(PRODUCT_NAME)";
			dstSubfolderSpec = 16;
			files = (
			);
			runOnlyForDeploymentPostprocessing = 0;
		};
/* End PBXCopyFilesBuildPhase section */

/* Begin PBXFileReference section */
		966A12332775D0F90005A1EA /* RadixSort.swift */ = {isa = PBXFileReference; fileEncoding = 4; lastKnownFileType = sourcecode.swift; path = RadixSort.swift; sourceTree = "<group>"; };
		966A12362775D2470005A1EA /* Graph.swift */ = {isa = PBXFileReference; fileEncoding = 4; lastKnownFileType = sourcecode.swift; path = Graph.swift; sourceTree = "<group>"; };
		966A12392775D2500005A1EA /* NextLexicographicalPermutation.swift */ = {isa = PBXFileReference; fileEncoding = 4; lastKnownFileType = sourcecode.swift; path = NextLexicographicalPermutation.swift; sourceTree = "<group>"; };
		966A123A2775D2500005A1EA /* BinarySearch.swift */ = {isa = PBXFileReference; fileEncoding = 4; lastKnownFileType = sourcecode.swift; path = BinarySearch.swift; sourceTree = "<group>"; };
		966A123E2775D25B0005A1EA /* GeneralizedSuffixTree.swift */ = {isa = PBXFileReference; fileEncoding = 4; lastKnownFileType = sourcecode.swift; path = GeneralizedSuffixTree.swift; sourceTree = "<group>"; };
		966A123F2775D25B0005A1EA /* BinarySearchTree.swift */ = {isa = PBXFileReference; fileEncoding = 4; lastKnownFileType = sourcecode.swift; path = BinarySearchTree.swift; sourceTree = "<group>"; };
		966A12402775D25B0005A1EA /* SuffixTree.swift */ = {isa = PBXFileReference; fileEncoding = 4; lastKnownFileType = sourcecode.swift; path = SuffixTree.swift; sourceTree = "<group>"; };
		966A12412775D25B0005A1EA /* CartesianTree.swift */ = {isa = PBXFileReference; fileEncoding = 4; lastKnownFileType = sourcecode.swift; path = CartesianTree.swift; sourceTree = "<group>"; };
		966A12422775D25B0005A1EA /* FenwickTree.swift */ = {isa = PBXFileReference; fileEncoding = 4; lastKnownFileType = sourcecode.swift; path = FenwickTree.swift; sourceTree = "<group>"; };
		966A12432775D25B0005A1EA /* RedBlackTree.swift */ = {isa = PBXFileReference; fileEncoding = 4; lastKnownFileType = sourcecode.swift; path = RedBlackTree.swift; sourceTree = "<group>"; };
		966A12442775D25B0005A1EA /* PRQuadTree.swift */ = {isa = PBXFileReference; fileEncoding = 4; lastKnownFileType = sourcecode.swift; path = PRQuadTree.swift; sourceTree = "<group>"; };
		966A12452775D25B0005A1EA /* RadixTree.swift */ = {isa = PBXFileReference; fileEncoding = 4; lastKnownFileType = sourcecode.swift; path = RadixTree.swift; sourceTree = "<group>"; };
		966A12462775D25B0005A1EA /* TernaryTree.swift */ = {isa = PBXFileReference; fileEncoding = 4; lastKnownFileType = sourcecode.swift; path = TernaryTree.swift; sourceTree = "<group>"; };
		966A12472775D25B0005A1EA /* BTree.swift */ = {isa = PBXFileReference; fileEncoding = 4; lastKnownFileType = sourcecode.swift; path = BTree.swift; sourceTree = "<group>"; };
		966A12482775D25B0005A1EA /* Trie.swift */ = {isa = PBXFileReference; fileEncoding = 4; lastKnownFileType = sourcecode.swift; path = Trie.swift; sourceTree = "<group>"; };
		966A12492775D25B0005A1EA /* SegmentTree.swift */ = {isa = PBXFileReference; fileEncoding = 4; lastKnownFileType = sourcecode.swift; path = SegmentTree.swift; sourceTree = "<group>"; };
		966A124A2775D25B0005A1EA /* BinarySearchTreeTraversals.swift */ = {isa = PBXFileReference; fileEncoding = 4; lastKnownFileType = sourcecode.swift; path = BinarySearchTreeTraversals.swift; sourceTree = "<group>"; };
		966A124B2775D25B0005A1EA /* Treap.swift */ = {isa = PBXFileReference; fileEncoding = 4; lastKnownFileType = sourcecode.swift; path = Treap.swift; sourceTree = "<group>"; };
		966A124C2775D25B0005A1EA /* SplayTree.swift */ = {isa = PBXFileReference; fileEncoding = 4; lastKnownFileType = sourcecode.swift; path = SplayTree.swift; sourceTree = "<group>"; };
		966A124D2775D25B0005A1EA /* AVLTree.swift */ = {isa = PBXFileReference; fileEncoding = 4; lastKnownFileType = sourcecode.swift; path = AVLTree.swift; sourceTree = "<group>"; };
		966A124E2775D25B0005A1EA /* LazySegmentTree.swift */ = {isa = PBXFileReference; fileEncoding = 4; lastKnownFileType = sourcecode.swift; path = LazySegmentTree.swift; sourceTree = "<group>"; };
		966A12612775D2650005A1EA /* SplayCache.swift */ = {isa = PBXFileReference; fileEncoding = 4; lastKnownFileType = sourcecode.swift; path = SplayCache.swift; sourceTree = "<group>"; };
		966A12622775D2650005A1EA /* LRUCache.swift */ = {isa = PBXFileReference; fileEncoding = 4; lastKnownFileType = sourcecode.swift; path = LRUCache.swift; sourceTree = "<group>"; };
		966A12632775D2650005A1EA /* FibonacciHeap.swift */ = {isa = PBXFileReference; fileEncoding = 4; lastKnownFileType = sourcecode.swift; path = FibonacciHeap.swift; sourceTree = "<group>"; };
		966A12642775D2650005A1EA /* MedianHeap.swift */ = {isa = PBXFileReference; fileEncoding = 4; lastKnownFileType = sourcecode.swift; path = MedianHeap.swift; sourceTree = "<group>"; };
		966A12652775D2650005A1EA /* LFUCache.swift */ = {isa = PBXFileReference; fileEncoding = 4; lastKnownFileType = sourcecode.swift; path = LFUCache.swift; sourceTree = "<group>"; };
		966A12662775D2650005A1EA /* HeapWithChangableElements.swift */ = {isa = PBXFileReference; fileEncoding = 4; lastKnownFileType = sourcecode.swift; path = HeapWithChangableElements.swift; sourceTree = "<group>"; };
		966A12672775D2650005A1EA /* Heap.swift */ = {isa = PBXFileReference; fileEncoding = 4; lastKnownFileType = sourcecode.swift; path = Heap.swift; sourceTree = "<group>"; };
		966A12702775D26E0005A1EA /* Stack.swift */ = {isa = PBXFileReference; fileEncoding = 4; lastKnownFileType = sourcecode.swift; path = Stack.swift; sourceTree = "<group>"; };
		966A12712775D26E0005A1EA /* Dequeue.swift */ = {isa = PBXFileReference; fileEncoding = 4; lastKnownFileType = sourcecode.swift; path = Dequeue.swift; sourceTree = "<group>"; };
		966A12722775D26E0005A1EA /* QueueWithMax.swift */ = {isa = PBXFileReference; fileEncoding = 4; lastKnownFileType = sourcecode.swift; path = QueueWithMax.swift; sourceTree = "<group>"; };
		966A12732775D26E0005A1EA /* PriorityQueue.swift */ = {isa = PBXFileReference; fileEncoding = 4; lastKnownFileType = sourcecode.swift; path = PriorityQueue.swift; sourceTree = "<group>"; };
		966A12742775D26E0005A1EA /* Queue.swift */ = {isa = PBXFileReference; fileEncoding = 4; lastKnownFileType = sourcecode.swift; path = Queue.swift; sourceTree = "<group>"; };
		966A12752775D26E0005A1EA /* FibonacciPriorityQueue.swift */ = {isa = PBXFileReference; fileEncoding = 4; lastKnownFileType = sourcecode.swift; path = FibonacciPriorityQueue.swift; sourceTree = "<group>"; };
		966A127D2775D2760005A1EA /* DisjoinSets.swift */ = {isa = PBXFileReference; fileEncoding = 4; lastKnownFileType = sourcecode.swift; path = DisjoinSets.swift; sourceTree = "<group>"; };
		966A127E2775D2760005A1EA /* SkipList.swift */ = {isa = PBXFileReference; fileEncoding = 4; lastKnownFileType = sourcecode.swift; path = SkipList.swift; sourceTree = "<group>"; };
		966A127F2775D2760005A1EA /* SuffixArray.swift */ = {isa = PBXFileReference; fileEncoding = 4; lastKnownFileType = sourcecode.swift; path = SuffixArray.swift; sourceTree = "<group>"; };
		966A12802775D2760005A1EA /* LinkedList.swift */ = {isa = PBXFileReference; fileEncoding = 4; lastKnownFileType = sourcecode.swift; path = LinkedList.swift; sourceTree = "<group>"; };
		966A12812775D2760005A1EA /* SortedArray.swift */ = {isa = PBXFileReference; fileEncoding = 4; lastKnownFileType = sourcecode.swift; path = SortedArray.swift; sourceTree = "<group>"; };
		966A12872775D29F0005A1EA /* SwiftDataStructs-Bridging-Header.h */ = {isa = PBXFileReference; fileEncoding = 4; lastKnownFileType = sourcecode.c.h; name = "SwiftDataStructs-Bridging-Header.h"; path = "SwiftDataStructs/SwiftDataStructs-Bridging-Header.h"; sourceTree = "<group>"; };
		E94B3BD81EBB29D00064E55C /* libSwiftDataStructs.a */ = {isa = PBXFileReference; explicitFileType = archive.ar; includeInIndex = 0; path = libSwiftDataStructs.a; sourceTree = BUILT_PRODUCTS_DIR; };
		E94B3C2C1EBB2EED0064E55C /* Iterator.swift */ = {isa = PBXFileReference; fileEncoding = 4; lastKnownFileType = sourcecode.swift; path = Iterator.swift; sourceTree = "<group>"; };
		E94B3C2D1EBB2EED0064E55C /* Visitor.swift */ = {isa = PBXFileReference; fileEncoding = 4; lastKnownFileType = sourcecode.swift; path = Visitor.swift; sourceTree = "<group>"; };
/* End PBXFileReference section */

/* Begin PBXFrameworksBuildPhase section */
		E94B3BD51EBB29D00064E55C /* Frameworks */ = {
			isa = PBXFrameworksBuildPhase;
			buildActionMask = 2147483647;
			files = (
			);
			runOnlyForDeploymentPostprocessing = 0;
		};
/* End PBXFrameworksBuildPhase section */

/* Begin PBXGroup section */
		966A12322775D0BC0005A1EA /* Sorting */ = {
			isa = PBXGroup;
			children = (
				966A12332775D0F90005A1EA /* RadixSort.swift */,
			);
			name = Sorting;
			path = SwiftDataStructs/Sorting;
			sourceTree = SOURCE_ROOT;
		};
		966A12352775D2470005A1EA /* Graph */ = {
			isa = PBXGroup;
			children = (
				966A12362775D2470005A1EA /* Graph.swift */,
			);
			path = Graph;
			sourceTree = "<group>";
		};
		966A12382775D2500005A1EA /* Other */ = {
			isa = PBXGroup;
			children = (
				966A12392775D2500005A1EA /* NextLexicographicalPermutation.swift */,
				966A123A2775D2500005A1EA /* BinarySearch.swift */,
			);
			path = Other;
			sourceTree = "<group>";
		};
		966A123D2775D25B0005A1EA /* Tree */ = {
			isa = PBXGroup;
			children = (
				966A123E2775D25B0005A1EA /* GeneralizedSuffixTree.swift */,
				966A123F2775D25B0005A1EA /* BinarySearchTree.swift */,
				966A12402775D25B0005A1EA /* SuffixTree.swift */,
				966A12412775D25B0005A1EA /* CartesianTree.swift */,
				966A12422775D25B0005A1EA /* FenwickTree.swift */,
				966A12432775D25B0005A1EA /* RedBlackTree.swift */,
				966A12442775D25B0005A1EA /* PRQuadTree.swift */,
				966A12452775D25B0005A1EA /* RadixTree.swift */,
				966A12462775D25B0005A1EA /* TernaryTree.swift */,
				966A12472775D25B0005A1EA /* BTree.swift */,
				966A12482775D25B0005A1EA /* Trie.swift */,
				966A12492775D25B0005A1EA /* SegmentTree.swift */,
				966A124A2775D25B0005A1EA /* BinarySearchTreeTraversals.swift */,
				966A124B2775D25B0005A1EA /* Treap.swift */,
				966A124C2775D25B0005A1EA /* SplayTree.swift */,
				966A124D2775D25B0005A1EA /* AVLTree.swift */,
				966A124E2775D25B0005A1EA /* LazySegmentTree.swift */,
			);
			path = Tree;
			sourceTree = "<group>";
		};
		966A12602775D2650005A1EA /* Heaps */ = {
			isa = PBXGroup;
			children = (
				966A12612775D2650005A1EA /* SplayCache.swift */,
				966A12622775D2650005A1EA /* LRUCache.swift */,
				966A12632775D2650005A1EA /* FibonacciHeap.swift */,
				966A12642775D2650005A1EA /* MedianHeap.swift */,
				966A12652775D2650005A1EA /* LFUCache.swift */,
				966A12662775D2650005A1EA /* HeapWithChangableElements.swift */,
				966A12672775D2650005A1EA /* Heap.swift */,
			);
			path = Heaps;
			sourceTree = "<group>";
		};
		966A126F2775D26E0005A1EA /* QueueStacks */ = {
			isa = PBXGroup;
			children = (
				966A12702775D26E0005A1EA /* Stack.swift */,
				966A12712775D26E0005A1EA /* Dequeue.swift */,
				966A12722775D26E0005A1EA /* QueueWithMax.swift */,
				966A12732775D26E0005A1EA /* PriorityQueue.swift */,
				966A12742775D26E0005A1EA /* Queue.swift */,
				966A12752775D26E0005A1EA /* FibonacciPriorityQueue.swift */,
			);
			path = QueueStacks;
			sourceTree = "<group>";
		};
		966A127C2775D2760005A1EA /* Arrays */ = {
			isa = PBXGroup;
			children = (
				966A127D2775D2760005A1EA /* DisjoinSets.swift */,
				966A127E2775D2760005A1EA /* SkipList.swift */,
				966A127F2775D2760005A1EA /* SuffixArray.swift */,
				966A12802775D2760005A1EA /* LinkedList.swift */,
				966A12812775D2760005A1EA /* SortedArray.swift */,
			);
			path = Arrays;
			sourceTree = "<group>";
		};
		E94B3BCF1EBB29D00064E55C = {
			isa = PBXGroup;
			children = (
				966A12872775D29F0005A1EA /* SwiftDataStructs-Bridging-Header.h */,
				966A12322775D0BC0005A1EA /* Sorting */,
				E94B3C371EBB378D0064E55C /* DataStructures */,
				E94B3C2B1EBB2EE20064E55C /* Patterns */,
				E94B3BD91EBB29D00064E55C /* Products */,
			);
			sourceTree = "<group>";
		};
		E94B3BD91EBB29D00064E55C /* Products */ = {
			isa = PBXGroup;
			children = (
				E94B3BD81EBB29D00064E55C /* libSwiftDataStructs.a */,
			);
			name = Products;
			sourceTree = "<group>";
		};
		E94B3C2B1EBB2EE20064E55C /* Patterns */ = {
			isa = PBXGroup;
			children = (
				E94B3C2C1EBB2EED0064E55C /* Iterator.swift */,
				E94B3C2D1EBB2EED0064E55C /* Visitor.swift */,
			);
			name = Patterns;
			path = SwiftDataStructs/Patterns;
			sourceTree = SOURCE_ROOT;
		};
		E94B3C371EBB378D0064E55C /* DataStructures */ = {
			isa = PBXGroup;
			children = (
				966A127C2775D2760005A1EA /* Arrays */,
				966A126F2775D26E0005A1EA /* QueueStacks */,
				966A12602775D2650005A1EA /* Heaps */,
				966A123D2775D25B0005A1EA /* Tree */,
				966A12382775D2500005A1EA /* Other */,
				966A12352775D2470005A1EA /* Graph */,
			);
			name = DataStructures;
			path = SwiftDataStructs/DataStructures;
			sourceTree = SOURCE_ROOT;
		};
/* End PBXGroup section */

/* Begin PBXNativeTarget section */
		E94B3BD71EBB29D00064E55C /* SwiftDataStructs */ = {
			isa = PBXNativeTarget;
			buildConfigurationList = E94B3BE11EBB29D00064E55C /* Build configuration list for PBXNativeTarget "SwiftDataStructs" */;
			buildPhases = (
				E94B3BD41EBB29D00064E55C /* Sources */,
				E94B3BD51EBB29D00064E55C /* Frameworks */,
				E94B3BD61EBB29D00064E55C /* CopyFiles */,
			);
			buildRules = (
			);
			dependencies = (
			);
			name = SwiftDataStructs;
			productName = SwiftDataStructs;
			productReference = E94B3BD81EBB29D00064E55C /* libSwiftDataStructs.a */;
			productType = "com.apple.product-type.library.static";
		};
/* End PBXNativeTarget section */

/* Begin PBXProject section */
		E94B3BD01EBB29D00064E55C /* Project object */ = {
			isa = PBXProject;
			attributes = {
				LastUpgradeCheck = 1250;
				ORGANIZATIONNAME = "Tomislav Profico";
				TargetAttributes = {
					E94B3BD71EBB29D00064E55C = {
						CreatedOnToolsVersion = 8.2.1;
						LastSwiftMigration = 0820;
						ProvisioningStyle = Automatic;
					};
				};
			};
			buildConfigurationList = E94B3BD31EBB29D00064E55C /* Build configuration list for PBXProject "SwiftDataStructs" */;
			compatibilityVersion = "Xcode 3.2";
			developmentRegion = English;
			hasScannedForEncodings = 0;
			knownRegions = (
				English,
				en,
			);
			mainGroup = E94B3BCF1EBB29D00064E55C;
			productRefGroup = E94B3BD91EBB29D00064E55C /* Products */;
			projectDirPath = "";
			projectRoot = "";
			targets = (
				E94B3BD71EBB29D00064E55C /* SwiftDataStructs */,
			);
		};
/* End PBXProject section */

/* Begin PBXSourcesBuildPhase section */
		E94B3BD41EBB29D00064E55C /* Sources */ = {
			isa = PBXSourcesBuildPhase;
			buildActionMask = 2147483647;
			files = (
				966A12372775D2470005A1EA /* Graph.swift in Sources */,
				966A125D2775D25B0005A1EA /* SplayTree.swift in Sources */,
				966A124F2775D25B0005A1EA /* GeneralizedSuffixTree.swift in Sources */,
				966A12532775D25B0005A1EA /* FenwickTree.swift in Sources */,
				966A123B2775D2500005A1EA /* NextLexicographicalPermutation.swift in Sources */,
				966A123C2775D2500005A1EA /* BinarySearch.swift in Sources */,
				966A125A2775D25B0005A1EA /* SegmentTree.swift in Sources */,
				966A12542775D25B0005A1EA /* RedBlackTree.swift in Sources */,
				966A12512775D25B0005A1EA /* SuffixTree.swift in Sources */,
				966A12552775D25B0005A1EA /* PRQuadTree.swift in Sources */,
				966A12582775D25B0005A1EA /* BTree.swift in Sources */,
				966A125C2775D25B0005A1EA /* Treap.swift in Sources */,
				966A127B2775D26E0005A1EA /* FibonacciPriorityQueue.swift in Sources */,
				966A12562775D25B0005A1EA /* RadixTree.swift in Sources */,
				966A125E2775D25B0005A1EA /* AVLTree.swift in Sources */,
				966A12862775D2760005A1EA /* SortedArray.swift in Sources */,
				966A126A2775D2650005A1EA /* FibonacciHeap.swift in Sources */,
				966A127A2775D26E0005A1EA /* Queue.swift in Sources */,
				966A12572775D25B0005A1EA /* TernaryTree.swift in Sources */,
				966A12502775D25B0005A1EA /* BinarySearchTree.swift in Sources */,
				966A126B2775D2650005A1EA /* MedianHeap.swift in Sources */,
				966A12682775D2650005A1EA /* SplayCache.swift in Sources */,
				966A12522775D25B0005A1EA /* CartesianTree.swift in Sources */,
				966A12852775D2760005A1EA /* LinkedList.swift in Sources */,
				966A126C2775D2650005A1EA /* LFUCache.swift in Sources */,
				966A126E2775D2650005A1EA /* Heap.swift in Sources */,
				966A12772775D26E0005A1EA /* Dequeue.swift in Sources */,
				966A12592775D25B0005A1EA /* Trie.swift in Sources */,
				966A12782775D26E0005A1EA /* QueueWithMax.swift in Sources */,
				966A125B2775D25B0005A1EA /* BinarySearchTreeTraversals.swift in Sources */,
				966A12762775D26E0005A1EA /* Stack.swift in Sources */,
				966A12842775D2760005A1EA /* SuffixArray.swift in Sources */,
				966A126D2775D2650005A1EA /* HeapWithChangableElements.swift in Sources */,
				E94B3C2F1EBB2EED0064E55C /* Visitor.swift in Sources */,
				966A125F2775D25B0005A1EA /* LazySegmentTree.swift in Sources */,
				E94B3C2E1EBB2EED0064E55C /* Iterator.swift in Sources */,
				966A12342775D0F90005A1EA /* RadixSort.swift in Sources */,
				966A12692775D2650005A1EA /* LRUCache.swift in Sources */,
				966A12792775D26E0005A1EA /* PriorityQueue.swift in Sources */,
				966A12832775D2760005A1EA /* SkipList.swift in Sources */,
				966A12822775D2760005A1EA /* DisjoinSets.swift in Sources */,
			);
			runOnlyForDeploymentPostprocessing = 0;
		};
/* End PBXSourcesBuildPhase section */

/* Begin XCBuildConfiguration section */
		E94B3BDF1EBB29D00064E55C /* Debug */ = {
			isa = XCBuildConfiguration;
			buildSettings = {
				ALWAYS_SEARCH_USER_PATHS = NO;
				CLANG_ANALYZER_LOCALIZABILITY_NONLOCALIZED = YES;
				CLANG_ANALYZER_NONNULL = YES;
				CLANG_CXX_LANGUAGE_STANDARD = "gnu++0x";
				CLANG_CXX_LIBRARY = "libc++";
				CLANG_ENABLE_MODULES = YES;
				CLANG_ENABLE_OBJC_ARC = YES;
				CLANG_WARN_BLOCK_CAPTURE_AUTORELEASING = YES;
				CLANG_WARN_BOOL_CONVERSION = YES;
				CLANG_WARN_COMMA = YES;
				CLANG_WARN_CONSTANT_CONVERSION = YES;
				CLANG_WARN_DEPRECATED_OBJC_IMPLEMENTATIONS = YES;
				CLANG_WARN_DIRECT_OBJC_ISA_USAGE = YES_ERROR;
				CLANG_WARN_DOCUMENTATION_COMMENTS = YES;
				CLANG_WARN_EMPTY_BODY = YES;
				CLANG_WARN_ENUM_CONVERSION = YES;
				CLANG_WARN_INFINITE_RECURSION = YES;
				CLANG_WARN_INT_CONVERSION = YES;
				CLANG_WARN_NON_LITERAL_NULL_CONVERSION = YES;
				CLANG_WARN_OBJC_IMPLICIT_RETAIN_SELF = YES;
				CLANG_WARN_OBJC_LITERAL_CONVERSION = YES;
				CLANG_WARN_OBJC_ROOT_CLASS = YES_ERROR;
				CLANG_WARN_QUOTED_INCLUDE_IN_FRAMEWORK_HEADER = YES;
				CLANG_WARN_RANGE_LOOP_ANALYSIS = YES;
				CLANG_WARN_STRICT_PROTOTYPES = YES;
				CLANG_WARN_SUSPICIOUS_MOVE = YES;
				CLANG_WARN_UNREACHABLE_CODE = YES;
				CLANG_WARN__DUPLICATE_METHOD_MATCH = YES;
				"CODE_SIGN_IDENTITY[sdk=iphoneos*]" = "iPhone Developer";
				COPY_PHASE_STRIP = NO;
				DEBUG_INFORMATION_FORMAT = dwarf;
				ENABLE_STRICT_OBJC_MSGSEND = YES;
				ENABLE_TESTABILITY = YES;
				GCC_C_LANGUAGE_STANDARD = gnu99;
				GCC_DYNAMIC_NO_PIC = NO;
				GCC_NO_COMMON_BLOCKS = YES;
				GCC_OPTIMIZATION_LEVEL = 0;
				GCC_PREPROCESSOR_DEFINITIONS = (
					"DEBUG=1",
					"$(inherited)",
				);
				GCC_WARN_64_TO_32_BIT_CONVERSION = YES;
				GCC_WARN_ABOUT_RETURN_TYPE = YES_ERROR;
				GCC_WARN_UNDECLARED_SELECTOR = YES;
				GCC_WARN_UNINITIALIZED_AUTOS = YES_AGGRESSIVE;
				GCC_WARN_UNUSED_FUNCTION = YES;
				GCC_WARN_UNUSED_VARIABLE = YES;
				IPHONEOS_DEPLOYMENT_TARGET = 12.0;
				MTL_ENABLE_DEBUG_INFO = YES;
				ONLY_ACTIVE_ARCH = YES;
				SDKROOT = iphoneos;
			};
			name = Debug;
		};
		E94B3BE01EBB29D00064E55C /* Release */ = {
			isa = XCBuildConfiguration;
			buildSettings = {
				ALWAYS_SEARCH_USER_PATHS = NO;
				CLANG_ANALYZER_LOCALIZABILITY_NONLOCALIZED = YES;
				CLANG_ANALYZER_NONNULL = YES;
				CLANG_CXX_LANGUAGE_STANDARD = "gnu++0x";
				CLANG_CXX_LIBRARY = "libc++";
				CLANG_ENABLE_MODULES = YES;
				CLANG_ENABLE_OBJC_ARC = YES;
				CLANG_WARN_BLOCK_CAPTURE_AUTORELEASING = YES;
				CLANG_WARN_BOOL_CONVERSION = YES;
				CLANG_WARN_COMMA = YES;
				CLANG_WARN_CONSTANT_CONVERSION = YES;
				CLANG_WARN_DEPRECATED_OBJC_IMPLEMENTATIONS = YES;
				CLANG_WARN_DIRECT_OBJC_ISA_USAGE = YES_ERROR;
				CLANG_WARN_DOCUMENTATION_COMMENTS = YES;
				CLANG_WARN_EMPTY_BODY = YES;
				CLANG_WARN_ENUM_CONVERSION = YES;
				CLANG_WARN_INFINITE_RECURSION = YES;
				CLANG_WARN_INT_CONVERSION = YES;
				CLANG_WARN_NON_LITERAL_NULL_CONVERSION = YES;
				CLANG_WARN_OBJC_IMPLICIT_RETAIN_SELF = YES;
				CLANG_WARN_OBJC_LITERAL_CONVERSION = YES;
				CLANG_WARN_OBJC_ROOT_CLASS = YES_ERROR;
				CLANG_WARN_QUOTED_INCLUDE_IN_FRAMEWORK_HEADER = YES;
				CLANG_WARN_RANGE_LOOP_ANALYSIS = YES;
				CLANG_WARN_STRICT_PROTOTYPES = YES;
				CLANG_WARN_SUSPICIOUS_MOVE = YES;
				CLANG_WARN_UNREACHABLE_CODE = YES;
				CLANG_WARN__DUPLICATE_METHOD_MATCH = YES;
				"CODE_SIGN_IDENTITY[sdk=iphoneos*]" = "iPhone Developer";
				COPY_PHASE_STRIP = NO;
				DEBUG_INFORMATION_FORMAT = "dwarf-with-dsym";
				ENABLE_NS_ASSERTIONS = NO;
				ENABLE_STRICT_OBJC_MSGSEND = YES;
				GCC_C_LANGUAGE_STANDARD = gnu99;
				GCC_NO_COMMON_BLOCKS = YES;
				GCC_WARN_64_TO_32_BIT_CONVERSION = YES;
				GCC_WARN_ABOUT_RETURN_TYPE = YES_ERROR;
				GCC_WARN_UNDECLARED_SELECTOR = YES;
				GCC_WARN_UNINITIALIZED_AUTOS = YES_AGGRESSIVE;
				GCC_WARN_UNUSED_FUNCTION = YES;
				GCC_WARN_UNUSED_VARIABLE = YES;
				IPHONEOS_DEPLOYMENT_TARGET = 12.0;
				MTL_ENABLE_DEBUG_INFO = NO;
				SDKROOT = iphoneos;
				SWIFT_COMPILATION_MODE = wholemodule;
				VALIDATE_PRODUCT = YES;
			};
			name = Release;
		};
		E94B3BE21EBB29D00064E55C /* Debug */ = {
			isa = XCBuildConfiguration;
			buildSettings = {
				CLANG_ENABLE_MODULES = YES;
				LD_RUNPATH_SEARCH_PATHS = "$(inherited) @executable_path/Frameworks @loader_path/Frameworks";
				OTHER_LDFLAGS = "-ObjC";
				PRODUCT_NAME = "$(TARGET_NAME)";
				SKIP_INSTALL = YES;
				SWIFT_OBJC_BRIDGING_HEADER = "SwiftDataStructs/SwiftDataStructs-Bridging-Header.h";
				SWIFT_OPTIMIZATION_LEVEL = "-Onone";
				SWIFT_VERSION = 5.0;
			};
			name = Debug;
		};
		E94B3BE31EBB29D00064E55C /* Release */ = {
			isa = XCBuildConfiguration;
			buildSettings = {
				CLANG_ENABLE_MODULES = YES;
				LD_RUNPATH_SEARCH_PATHS = "$(inherited) @executable_path/Frameworks @loader_path/Frameworks";
				OTHER_LDFLAGS = "-ObjC";
				PRODUCT_NAME = "$(TARGET_NAME)";
				SKIP_INSTALL = YES;
				SWIFT_OBJC_BRIDGING_HEADER = "SwiftDataStructs/SwiftDataStructs-Bridging-Header.h";
				SWIFT_VERSION = 5.0;
			};
			name = Release;
		};
/* End XCBuildConfiguration section */

/* Begin XCConfigurationList section */
		E94B3BD31EBB29D00064E55C /* Build configuration list for PBXProject "SwiftDataStructs" */ = {
			isa = XCConfigurationList;
			buildConfigurations = (
				E94B3BDF1EBB29D00064E55C /* Debug */,
				E94B3BE01EBB29D00064E55C /* Release */,
			);
			defaultConfigurationIsVisible = 0;
			defaultConfigurationName = Release;
		};
		E94B3BE11EBB29D00064E55C /* Build configuration list for PBXNativeTarget "SwiftDataStructs" */ = {
			isa = XCConfigurationList;
			buildConfigurations = (
				E94B3BE21EBB29D00064E55C /* Debug */,
				E94B3BE31EBB29D00064E55C /* Release */,
			);
			defaultConfigurationIsVisible = 0;
			defaultConfigurationName = Release;
		};
/* End XCConfigurationList section */
	};
	rootObject = E94B3BD01EBB29D00064E55C /* Project object */;
}
